
Microsoft Visual Studio Solution File, Format Version 12.00
# Visual Studio Version 17
VisualStudioVersion = 17.11.35327.3
MinimumVisualStudioVersion = 10.0.40219.1
Project("{FAE04EC0-301F-11D3-BF4B-00C04F79EFBC}") = "Project FuelStationSystem", "Project FuelStationSystem\Project FuelStationSystem.csproj", "{CA84C99F-3AF1-4C04-8F96-97836A718539}"
EndProject
Global
	GlobalSection(SolutionConfigurationPlatforms) = preSolution
		Debug|Any CPU = Debug|Any CPU
		Release|Any CPU = Release|Any CPU
	EndGlobalSection
	GlobalSection(ProjectConfigurationPlatforms) = postSolution
		{CA84C99F-3AF1-4C04-8F96-97836A718539}.Debug|Any CPU.ActiveCfg = Debug|Any CPU
		{CA84C99F-3AF1-4C04-8F96-97836A718539}.Debug|Any CPU.Build.0 = Debug|Any CPU
		{CA84C99F-3AF1-4C04-8F96-97836A718539}.Release|Any CPU.ActiveCfg = Release|Any CPU
		{CA84C99F-3AF1-4C04-8F96-97836A718539}.Release|Any CPU.Build.0 = Release|Any CPU
	EndGlobalSection
	GlobalSection(SolutionProperties) = preSolution
		HideSolutionNode = FALSE
	EndGlobalSection
	GlobalSection(ExtensibilityGlobals) = postSolution
		SolutionGuid = {C6E4CBF0-99F3-4950-8E56-A6DEB2EE1230}
	EndGlobalSection
EndGlobal
